// !$*UTF8*$!
{
	archiveVersion = 1;
	classes = {
	};
	objectVersion = 46;
	objects = {

/* Begin PBXBuildFile section */
		08D4890B71B04C7095391E5A /* libPods.a in Frameworks */ = {isa = PBXBuildFile; fileRef = 61423778110441F1B304C6CC /* libPods.a */; };
		9357B46B1B27171B00A43901 /* AcceptViewController.m in Sources */ = {isa = PBXBuildFile; fileRef = 9357B46A1B27171B00A43901 /* AcceptViewController.m */; };
		9357B4731B2723C200A43901 /* Social.framework in Frameworks */ = {isa = PBXBuildFile; fileRef = 9357B4721B2723C200A43901 /* Social.framework */; };
		93A0D1AB1B305956006BC572 /* AddViewController.m in Sources */ = {isa = PBXBuildFile; fileRef = 93A0D1AA1B305955006BC572 /* AddViewController.m */; };
		93A0D1AE1B305EF4006BC572 /* UserChallenge.m in Sources */ = {isa = PBXBuildFile; fileRef = 93A0D1AD1B305EF4006BC572 /* UserChallenge.m */; };
		93A0D1B11B305F08006BC572 /* UserPunishment.m in Sources */ = {isa = PBXBuildFile; fileRef = 93A0D1B01B305F08006BC572 /* UserPunishment.m */; };
		93BB9E151B1DE29A002FE00B /* main.m in Sources */ = {isa = PBXBuildFile; fileRef = 93BB9E141B1DE29A002FE00B /* main.m */; };
		93BB9E181B1DE29A002FE00B /* AppDelegate.m in Sources */ = {isa = PBXBuildFile; fileRef = 93BB9E171B1DE29A002FE00B /* AppDelegate.m */; };
		93BB9E1B1B1DE29A002FE00B /* ViewController.m in Sources */ = {isa = PBXBuildFile; fileRef = 93BB9E1A1B1DE29A002FE00B /* ViewController.m */; };
		93BB9E1E1B1DE29A002FE00B /* Main.storyboard in Resources */ = {isa = PBXBuildFile; fileRef = 93BB9E1C1B1DE29A002FE00B /* Main.storyboard */; };
		93BB9E201B1DE29A002FE00B /* Images.xcassets in Resources */ = {isa = PBXBuildFile; fileRef = 93BB9E1F1B1DE29A002FE00B /* Images.xcassets */; };
		93BB9E231B1DE29A002FE00B /* LaunchScreen.xib in Resources */ = {isa = PBXBuildFile; fileRef = 93BB9E211B1DE29A002FE00B /* LaunchScreen.xib */; };
		93BB9E2F1B1DE29B002FE00B /* ChallengeMeTests.m in Sources */ = {isa = PBXBuildFile; fileRef = 93BB9E2E1B1DE29B002FE00B /* ChallengeMeTests.m */; };
		93BB9E3B1B1DE2DF002FE00B /* asap in Resources */ = {isa = PBXBuildFile; fileRef = 93BB9E3A1B1DE2DF002FE00B /* asap */; };
		93BB9E3F1B1DF6B5002FE00B /* Challenge.m in Sources */ = {isa = PBXBuildFile; fileRef = 93BB9E3E1B1DF6B5002FE00B /* Challenge.m */; };
		93BB9E421B1DF71C002FE00B /* Punishment.m in Sources */ = {isa = PBXBuildFile; fileRef = 93BB9E411B1DF71C002FE00B /* Punishment.m */; };
/* End PBXBuildFile section */

/* Begin PBXContainerItemProxy section */
		93BB9E291B1DE29B002FE00B /* PBXContainerItemProxy */ = {
			isa = PBXContainerItemProxy;
			containerPortal = 93BB9E071B1DE29A002FE00B /* Project object */;
			proxyType = 1;
			remoteGlobalIDString = 93BB9E0E1B1DE29A002FE00B;
			remoteInfo = ChallengeMe;
		};
/* End PBXContainerItemProxy section */

/* Begin PBXFileReference section */
		26475F1D437A46D98E275B39 /* Pods.xcconfig */ = {isa = PBXFileReference; includeInIndex = 1; lastKnownFileType = text.xcconfig; name = Pods.xcconfig; path = Pods/Pods.xcconfig; sourceTree = "<group>"; };
		61423778110441F1B304C6CC /* libPods.a */ = {isa = PBXFileReference; explicitFileType = archive.ar; includeInIndex = 0; path = libPods.a; sourceTree = BUILT_PRODUCTS_DIR; };
		9357B4691B27171B00A43901 /* AcceptViewController.h */ = {isa = PBXFileReference; fileEncoding = 4; lastKnownFileType = sourcecode.c.h; path = AcceptViewController.h; sourceTree = "<group>"; };
		9357B46A1B27171B00A43901 /* AcceptViewController.m */ = {isa = PBXFileReference; fileEncoding = 4; lastKnownFileType = sourcecode.c.objc; path = AcceptViewController.m; sourceTree = "<group>"; };
		9357B4721B2723C200A43901 /* Social.framework */ = {isa = PBXFileReference; lastKnownFileType = wrapper.framework; name = Social.framework; path = System/Library/Frameworks/Social.framework; sourceTree = SDKROOT; };
		93A0D1A91B305955006BC572 /* AddViewController.h */ = {isa = PBXFileReference; fileEncoding = 4; lastKnownFileType = sourcecode.c.h; path = AddViewController.h; sourceTree = "<group>"; };
		93A0D1AA1B305955006BC572 /* AddViewController.m */ = {isa = PBXFileReference; fileEncoding = 4; lastKnownFileType = sourcecode.c.objc; path = AddViewController.m; sourceTree = "<group>"; };
		93A0D1AC1B305EF4006BC572 /* UserChallenge.h */ = {isa = PBXFileReference; fileEncoding = 4; lastKnownFileType = sourcecode.c.h; path = UserChallenge.h; sourceTree = "<group>"; };
		93A0D1AD1B305EF4006BC572 /* UserChallenge.m */ = {isa = PBXFileReference; fileEncoding = 4; lastKnownFileType = sourcecode.c.objc; path = UserChallenge.m; sourceTree = "<group>"; };
		93A0D1AF1B305F08006BC572 /* UserPunishment.h */ = {isa = PBXFileReference; fileEncoding = 4; lastKnownFileType = sourcecode.c.h; path = UserPunishment.h; sourceTree = "<group>"; };
		93A0D1B01B305F08006BC572 /* UserPunishment.m */ = {isa = PBXFileReference; fileEncoding = 4; lastKnownFileType = sourcecode.c.objc; path = UserPunishment.m; sourceTree = "<group>"; };
		93BB9E0F1B1DE29A002FE00B /* ChallengeMe.app */ = {isa = PBXFileReference; explicitFileType = wrapper.application; includeInIndex = 0; path = ChallengeMe.app; sourceTree = BUILT_PRODUCTS_DIR; };
		93BB9E131B1DE29A002FE00B /* Info.plist */ = {isa = PBXFileReference; lastKnownFileType = text.plist.xml; path = Info.plist; sourceTree = "<group>"; };
		93BB9E141B1DE29A002FE00B /* main.m */ = {isa = PBXFileReference; lastKnownFileType = sourcecode.c.objc; path = main.m; sourceTree = "<group>"; };
		93BB9E161B1DE29A002FE00B /* AppDelegate.h */ = {isa = PBXFileReference; lastKnownFileType = sourcecode.c.h; path = AppDelegate.h; sourceTree = "<group>"; };
		93BB9E171B1DE29A002FE00B /* AppDelegate.m */ = {isa = PBXFileReference; lastKnownFileType = sourcecode.c.objc; path = AppDelegate.m; sourceTree = "<group>"; };
		93BB9E191B1DE29A002FE00B /* ViewController.h */ = {isa = PBXFileReference; lastKnownFileType = sourcecode.c.h; path = ViewController.h; sourceTree = "<group>"; };
		93BB9E1A1B1DE29A002FE00B /* ViewController.m */ = {isa = PBXFileReference; lastKnownFileType = sourcecode.c.objc; path = ViewController.m; sourceTree = "<group>"; };
		93BB9E1D1B1DE29A002FE00B /* Base */ = {isa = PBXFileReference; lastKnownFileType = file.storyboard; name = Base; path = Base.lproj/Main.storyboard; sourceTree = "<group>"; };
		93BB9E1F1B1DE29A002FE00B /* Images.xcassets */ = {isa = PBXFileReference; lastKnownFileType = folder.assetcatalog; path = Images.xcassets; sourceTree = "<group>"; };
		93BB9E221B1DE29A002FE00B /* Base */ = {isa = PBXFileReference; lastKnownFileType = file.xib; name = Base; path = Base.lproj/LaunchScreen.xib; sourceTree = "<group>"; };
		93BB9E281B1DE29B002FE00B /* ChallengeMeTests.xctest */ = {isa = PBXFileReference; explicitFileType = wrapper.cfbundle; includeInIndex = 0; path = ChallengeMeTests.xctest; sourceTree = BUILT_PRODUCTS_DIR; };
		93BB9E2D1B1DE29B002FE00B /* Info.plist */ = {isa = PBXFileReference; lastKnownFileType = text.plist.xml; path = Info.plist; sourceTree = "<group>"; };
		93BB9E2E1B1DE29B002FE00B /* ChallengeMeTests.m */ = {isa = PBXFileReference; lastKnownFileType = sourcecode.c.objc; path = ChallengeMeTests.m; sourceTree = "<group>"; };
		93BB9E3A1B1DE2DF002FE00B /* asap */ = {isa = PBXFileReference; lastKnownFileType = folder; path = asap; sourceTree = "<group>"; };
		93BB9E3D1B1DF6B5002FE00B /* Challenge.h */ = {isa = PBXFileReference; fileEncoding = 4; lastKnownFileType = sourcecode.c.h; path = Challenge.h; sourceTree = "<group>"; };
		93BB9E3E1B1DF6B5002FE00B /* Challenge.m */ = {isa = PBXFileReference; fileEncoding = 4; lastKnownFileType = sourcecode.c.objc; path = Challenge.m; sourceTree = "<group>"; };
		93BB9E401B1DF71C002FE00B /* Punishment.h */ = {isa = PBXFileReference; fileEncoding = 4; lastKnownFileType = sourcecode.c.h; path = Punishment.h; sourceTree = "<group>"; };
		93BB9E411B1DF71C002FE00B /* Punishment.m */ = {isa = PBXFileReference; fileEncoding = 4; lastKnownFileType = sourcecode.c.objc; path = Punishment.m; sourceTree = "<group>"; };
/* End PBXFileReference section */

/* Begin PBXFrameworksBuildPhase section */
		93BB9E0C1B1DE29A002FE00B /* Frameworks */ = {
			isa = PBXFrameworksBuildPhase;
			buildActionMask = 2147483647;
			files = (
				9357B4731B2723C200A43901 /* Social.framework in Frameworks */,
				08D4890B71B04C7095391E5A /* libPods.a in Frameworks */,
			);
			runOnlyForDeploymentPostprocessing = 0;
		};
		93BB9E251B1DE29B002FE00B /* Frameworks */ = {
			isa = PBXFrameworksBuildPhase;
			buildActionMask = 2147483647;
			files = (
			);
			runOnlyForDeploymentPostprocessing = 0;
		};
/* End PBXFrameworksBuildPhase section */

/* Begin PBXGroup section */
		93BB9E061B1DE29A002FE00B = {
			isa = PBXGroup;
			children = (
				93BB9E111B1DE29A002FE00B /* ChallengeMe */,
				93BB9E2B1B1DE29B002FE00B /* ChallengeMeTests */,
				93BB9E101B1DE29A002FE00B /* Products */,
				26475F1D437A46D98E275B39 /* Pods.xcconfig */,
				FAA8F94E46574572824C2586 /* Frameworks */,
			);
			sourceTree = "<group>";
		};
		93BB9E101B1DE29A002FE00B /* Products */ = {
			isa = PBXGroup;
			children = (
				93BB9E0F1B1DE29A002FE00B /* ChallengeMe.app */,
				93BB9E281B1DE29B002FE00B /* ChallengeMeTests.xctest */,
			);
			name = Products;
			sourceTree = "<group>";
		};
		93BB9E111B1DE29A002FE00B /* ChallengeMe */ = {
			isa = PBXGroup;
			children = (
				93BB9E161B1DE29A002FE00B /* AppDelegate.h */,
				93BB9E171B1DE29A002FE00B /* AppDelegate.m */,
				93BB9E3C1B1DF691002FE00B /* Model */,
				93BB9E191B1DE29A002FE00B /* ViewController.h */,
				93BB9E1A1B1DE29A002FE00B /* ViewController.m */,
				9357B4691B27171B00A43901 /* AcceptViewController.h */,
				9357B46A1B27171B00A43901 /* AcceptViewController.m */,
				93A0D1A91B305955006BC572 /* AddViewController.h */,
				93A0D1AA1B305955006BC572 /* AddViewController.m */,
				93BB9E1C1B1DE29A002FE00B /* Main.storyboard */,
				93BB9E1F1B1DE29A002FE00B /* Images.xcassets */,
				93BB9E211B1DE29A002FE00B /* LaunchScreen.xib */,
				93BB9E381B1DE2C6002FE00B /* resources */,
				93BB9E121B1DE29A002FE00B /* Supporting Files */,
			);
			path = ChallengeMe;
			sourceTree = "<group>";
		};
		93BB9E121B1DE29A002FE00B /* Supporting Files */ = {
			isa = PBXGroup;
			children = (
				93BB9E131B1DE29A002FE00B /* Info.plist */,
				93BB9E141B1DE29A002FE00B /* main.m */,
			);
			name = "Supporting Files";
			sourceTree = "<group>";
		};
		93BB9E2B1B1DE29B002FE00B /* ChallengeMeTests */ = {
			isa = PBXGroup;
			children = (
				93BB9E2E1B1DE29B002FE00B /* ChallengeMeTests.m */,
				93BB9E2C1B1DE29B002FE00B /* Supporting Files */,
			);
			path = ChallengeMeTests;
			sourceTree = "<group>";
		};
		93BB9E2C1B1DE29B002FE00B /* Supporting Files */ = {
			isa = PBXGroup;
			children = (
				93BB9E2D1B1DE29B002FE00B /* Info.plist */,
			);
			name = "Supporting Files";
			sourceTree = "<group>";
		};
		93BB9E381B1DE2C6002FE00B /* resources */ = {
			isa = PBXGroup;
			children = (
				93BB9E391B1DE2CF002FE00B /* fonts */,
			);
			name = resources;
			sourceTree = "<group>";
		};
		93BB9E391B1DE2CF002FE00B /* fonts */ = {
			isa = PBXGroup;
			children = (
				93BB9E3A1B1DE2DF002FE00B /* asap */,
			);
			name = fonts;
			sourceTree = "<group>";
		};
		93BB9E3C1B1DF691002FE00B /* Model */ = {
			isa = PBXGroup;
			children = (
				93BB9E3D1B1DF6B5002FE00B /* Challenge.h */,
				93BB9E3E1B1DF6B5002FE00B /* Challenge.m */,
				93BB9E401B1DF71C002FE00B /* Punishment.h */,
				93BB9E411B1DF71C002FE00B /* Punishment.m */,
				93A0D1AC1B305EF4006BC572 /* UserChallenge.h */,
				93A0D1AD1B305EF4006BC572 /* UserChallenge.m */,
				93A0D1AF1B305F08006BC572 /* UserPunishment.h */,
				93A0D1B01B305F08006BC572 /* UserPunishment.m */,
			);
			name = Model;
			sourceTree = "<group>";
		};
		FAA8F94E46574572824C2586 /* Frameworks */ = {
			isa = PBXGroup;
			children = (
				9357B4721B2723C200A43901 /* Social.framework */,
				61423778110441F1B304C6CC /* libPods.a */,
			);
			name = Frameworks;
			sourceTree = "<group>";
		};
/* End PBXGroup section */

/* Begin PBXNativeTarget section */
		93BB9E0E1B1DE29A002FE00B /* ChallengeMe */ = {
			isa = PBXNativeTarget;
			buildConfigurationList = 93BB9E321B1DE29B002FE00B /* Build configuration list for PBXNativeTarget "ChallengeMe" */;
			buildPhases = (
				793B2A761A29407EA887D0DA /* Check Pods Manifest.lock */,
				93BB9E0B1B1DE29A002FE00B /* Sources */,
				93BB9E0C1B1DE29A002FE00B /* Frameworks */,
				93BB9E0D1B1DE29A002FE00B /* Resources */,
				FF89F6316BA040FBA42E303F /* Copy Pods Resources */,
			);
			buildRules = (
			);
			dependencies = (
			);
			name = ChallengeMe;
			productName = ChallengeMe;
			productReference = 93BB9E0F1B1DE29A002FE00B /* ChallengeMe.app */;
			productType = "com.apple.product-type.application";
		};
		93BB9E271B1DE29B002FE00B /* ChallengeMeTests */ = {
			isa = PBXNativeTarget;
			buildConfigurationList = 93BB9E351B1DE29B002FE00B /* Build configuration list for PBXNativeTarget "ChallengeMeTests" */;
			buildPhases = (
				93BB9E241B1DE29B002FE00B /* Sources */,
				93BB9E251B1DE29B002FE00B /* Frameworks */,
				93BB9E261B1DE29B002FE00B /* Resources */,
			);
			buildRules = (
			);
			dependencies = (
				93BB9E2A1B1DE29B002FE00B /* PBXTargetDependency */,
			);
			name = ChallengeMeTests;
			productName = ChallengeMeTests;
			productReference = 93BB9E281B1DE29B002FE00B /* ChallengeMeTests.xctest */;
			productType = "com.apple.product-type.bundle.unit-test";
		};
/* End PBXNativeTarget section */

/* Begin PBXProject section */
		93BB9E071B1DE29A002FE00B /* Project object */ = {
			isa = PBXProject;
			attributes = {
				LastUpgradeCheck = 0630;
				ORGANIZATIONNAME = "Nikola Angelkovik";
				TargetAttributes = {
					93BB9E0E1B1DE29A002FE00B = {
						CreatedOnToolsVersion = 6.3.1;
						DevelopmentTeam = HA8CBUPJ58;
					};
					93BB9E271B1DE29B002FE00B = {
						CreatedOnToolsVersion = 6.3.1;
						TestTargetID = 93BB9E0E1B1DE29A002FE00B;
					};
				};
			};
			buildConfigurationList = 93BB9E0A1B1DE29A002FE00B /* Build configuration list for PBXProject "ChallengeMe" */;
			compatibilityVersion = "Xcode 3.2";
			developmentRegion = English;
			hasScannedForEncodings = 0;
			knownRegions = (
				en,
				Base,
			);
			mainGroup = 93BB9E061B1DE29A002FE00B;
			productRefGroup = 93BB9E101B1DE29A002FE00B /* Products */;
			projectDirPath = "";
			projectRoot = "";
			targets = (
				93BB9E0E1B1DE29A002FE00B /* ChallengeMe */,
				93BB9E271B1DE29B002FE00B /* ChallengeMeTests */,
			);
		};
/* End PBXProject section */

/* Begin PBXResourcesBuildPhase section */
		93BB9E0D1B1DE29A002FE00B /* Resources */ = {
			isa = PBXResourcesBuildPhase;
			buildActionMask = 2147483647;
			files = (
				93BB9E1E1B1DE29A002FE00B /* Main.storyboard in Resources */,
				93BB9E3B1B1DE2DF002FE00B /* asap in Resources */,
				93BB9E231B1DE29A002FE00B /* LaunchScreen.xib in Resources */,
				93BB9E201B1DE29A002FE00B /* Images.xcassets in Resources */,
			);
			runOnlyForDeploymentPostprocessing = 0;
		};
		93BB9E261B1DE29B002FE00B /* Resources */ = {
			isa = PBXResourcesBuildPhase;
			buildActionMask = 2147483647;
			files = (
			);
			runOnlyForDeploymentPostprocessing = 0;
		};
/* End PBXResourcesBuildPhase section */

/* Begin PBXShellScriptBuildPhase section */
		793B2A761A29407EA887D0DA /* Check Pods Manifest.lock */ = {
			isa = PBXShellScriptBuildPhase;
			buildActionMask = 2147483647;
			files = (
			);
			inputPaths = (
			);
			name = "Check Pods Manifest.lock";
			outputPaths = (
			);
			runOnlyForDeploymentPostprocessing = 0;
			shellPath = /bin/sh;
			shellScript = "diff \"${PODS_ROOT}/../Podfile.lock\" \"${PODS_ROOT}/Manifest.lock\" > /dev/null\nif [[ $? != 0 ]] ; then\n    cat << EOM\nerror: The sandbox is not in sync with the Podfile.lock. Run 'pod install' or update your CocoaPods installation.\nEOM\n    exit 1\nfi\n";
			showEnvVarsInLog = 0;
		};
		FF89F6316BA040FBA42E303F /* Copy Pods Resources */ = {
			isa = PBXShellScriptBuildPhase;
			buildActionMask = 2147483647;
			files = (
			);
			inputPaths = (
			);
			name = "Copy Pods Resources";
			outputPaths = (
			);
			runOnlyForDeploymentPostprocessing = 0;
			shellPath = /bin/sh;
			shellScript = "\"${SRCROOT}/Pods/Pods-resources.sh\"\n";
			showEnvVarsInLog = 0;
		};
/* End PBXShellScriptBuildPhase section */

/* Begin PBXSourcesBuildPhase section */
		93BB9E0B1B1DE29A002FE00B /* Sources */ = {
			isa = PBXSourcesBuildPhase;
			buildActionMask = 2147483647;
			files = (
				93BB9E1B1B1DE29A002FE00B /* ViewController.m in Sources */,
				93BB9E3F1B1DF6B5002FE00B /* Challenge.m in Sources */,
				93BB9E181B1DE29A002FE00B /* AppDelegate.m in Sources */,
				93A0D1AB1B305956006BC572 /* AddViewController.m in Sources */,
				93A0D1AE1B305EF4006BC572 /* UserChallenge.m in Sources */,
				93BB9E421B1DF71C002FE00B /* Punishment.m in Sources */,
				9357B46B1B27171B00A43901 /* AcceptViewController.m in Sources */,
				93BB9E151B1DE29A002FE00B /* main.m in Sources */,
				93A0D1B11B305F08006BC572 /* UserPunishment.m in Sources */,
			);
			runOnlyForDeploymentPostprocessing = 0;
		};
		93BB9E241B1DE29B002FE00B /* Sources */ = {
			isa = PBXSourcesBuildPhase;
			buildActionMask = 2147483647;
			files = (
				93BB9E2F1B1DE29B002FE00B /* ChallengeMeTests.m in Sources */,
			);
			runOnlyForDeploymentPostprocessing = 0;
		};
/* End PBXSourcesBuildPhase section */

/* Begin PBXTargetDependency section */
		93BB9E2A1B1DE29B002FE00B /* PBXTargetDependency */ = {
			isa = PBXTargetDependency;
			target = 93BB9E0E1B1DE29A002FE00B /* ChallengeMe */;
			targetProxy = 93BB9E291B1DE29B002FE00B /* PBXContainerItemProxy */;
		};
/* End PBXTargetDependency section */

/* Begin PBXVariantGroup section */
		93BB9E1C1B1DE29A002FE00B /* Main.storyboard */ = {
			isa = PBXVariantGroup;
			children = (
				93BB9E1D1B1DE29A002FE00B /* Base */,
			);
			name = Main.storyboard;
			sourceTree = "<group>";
		};
		93BB9E211B1DE29A002FE00B /* LaunchScreen.xib */ = {
			isa = PBXVariantGroup;
			children = (
				93BB9E221B1DE29A002FE00B /* Base */,
			);
			name = LaunchScreen.xib;
			sourceTree = "<group>";
		};
/* End PBXVariantGroup section */

/* Begin XCBuildConfiguration section */
		93BB9E301B1DE29B002FE00B /* Debug */ = {
			isa = XCBuildConfiguration;
			buildSettings = {
				ALWAYS_SEARCH_USER_PATHS = NO;
				CLANG_CXX_LANGUAGE_STANDARD = "gnu++0x";
				CLANG_CXX_LIBRARY = "libc++";
				CLANG_ENABLE_MODULES = YES;
				CLANG_ENABLE_OBJC_ARC = YES;
				CLANG_WARN_BOOL_CONVERSION = YES;
				CLANG_WARN_CONSTANT_CONVERSION = YES;
				CLANG_WARN_DIRECT_OBJC_ISA_USAGE = YES_ERROR;
				CLANG_WARN_EMPTY_BODY = YES;
				CLANG_WARN_ENUM_CONVERSION = YES;
				CLANG_WARN_INT_CONVERSION = YES;
				CLANG_WARN_OBJC_ROOT_CLASS = YES_ERROR;
				CLANG_WARN_UNREACHABLE_CODE = YES;
				CLANG_WARN__DUPLICATE_METHOD_MATCH = YES;
				"CODE_SIGN_IDENTITY[sdk=iphoneos*]" = "iPhone Developer";
				COPY_PHASE_STRIP = NO;
				DEBUG_INFORMATION_FORMAT = "dwarf-with-dsym";
				ENABLE_STRICT_OBJC_MSGSEND = YES;
				GCC_C_LANGUAGE_STANDARD = gnu99;
				GCC_DYNAMIC_NO_PIC = NO;
				GCC_NO_COMMON_BLOCKS = YES;
				GCC_OPTIMIZATION_LEVEL = 0;
				GCC_PREPROCESSOR_DEFINITIONS = (
					"DEBUG=1",
					"$(inherited)",
				);
				GCC_SYMBOLS_PRIVATE_EXTERN = NO;
				GCC_WARN_64_TO_32_BIT_CONVERSION = YES;
				GCC_WARN_ABOUT_RETURN_TYPE = YES_ERROR;
				GCC_WARN_UNDECLARED_SELECTOR = YES;
				GCC_WARN_UNINITIALIZED_AUTOS = YES_AGGRESSIVE;
				GCC_WARN_UNUSED_FUNCTION = YES;
				GCC_WARN_UNUSED_VARIABLE = YES;
				IPHONEOS_DEPLOYMENT_TARGET = 8.3;
				MTL_ENABLE_DEBUG_INFO = YES;
				ONLY_ACTIVE_ARCH = YES;
				SDKROOT = iphoneos;
				TARGETED_DEVICE_FAMILY = "1,2";
			};
			name = Debug;
		};
		93BB9E311B1DE29B002FE00B /* Release */ = {
			isa = XCBuildConfiguration;
			buildSettings = {
				ALWAYS_SEARCH_USER_PATHS = NO;
				CLANG_CXX_LANGUAGE_STANDARD = "gnu++0x";
				CLANG_CXX_LIBRARY = "libc++";
				CLANG_ENABLE_MODULES = YES;
				CLANG_ENABLE_OBJC_ARC = YES;
				CLANG_WARN_BOOL_CONVERSION = YES;
				CLANG_WARN_CONSTANT_CONVERSION = YES;
				CLANG_WARN_DIRECT_OBJC_ISA_USAGE = YES_ERROR;
				CLANG_WARN_EMPTY_BODY = YES;
				CLANG_WARN_ENUM_CONVERSION = YES;
				CLANG_WARN_INT_CONVERSION = YES;
				CLANG_WARN_OBJC_ROOT_CLASS = YES_ERROR;
				CLANG_WARN_UNREACHABLE_CODE = YES;
				CLANG_WARN__DUPLICATE_METHOD_MATCH = YES;
				"CODE_SIGN_IDENTITY[sdk=iphoneos*]" = "iPhone Developer";
				COPY_PHASE_STRIP = NO;
				DEBUG_INFORMATION_FORMAT = "dwarf-with-dsym";
				ENABLE_NS_ASSERTIONS = NO;
				ENABLE_STRICT_OBJC_MSGSEND = YES;
				GCC_C_LANGUAGE_STANDARD = gnu99;
				GCC_NO_COMMON_BLOCKS = YES;
				GCC_WARN_64_TO_32_BIT_CONVERSION = YES;
				GCC_WARN_ABOUT_RETURN_TYPE = YES_ERROR;
				GCC_WARN_UNDECLARED_SELECTOR = YES;
				GCC_WARN_UNINITIALIZED_AUTOS = YES_AGGRESSIVE;
				GCC_WARN_UNUSED_FUNCTION = YES;
				GCC_WARN_UNUSED_VARIABLE = YES;
				IPHONEOS_DEPLOYMENT_TARGET = 8.3;
				MTL_ENABLE_DEBUG_INFO = NO;
				SDKROOT = iphoneos;
				TARGETED_DEVICE_FAMILY = "1,2";
				VALIDATE_PRODUCT = YES;
			};
			name = Release;
		};
		93BB9E331B1DE29B002FE00B /* Debug */ = {
			isa = XCBuildConfiguration;
			baseConfigurationReference = 26475F1D437A46D98E275B39 /* Pods.xcconfig */;
			buildSettings = {
				ASSETCATALOG_COMPILER_APPICON_NAME = AppIcon;
				CLANG_ALLOW_NON_MODULAR_INCLUDES_IN_FRAMEWORK_MODULES = YES;
				CODE_SIGN_IDENTITY = "iPhone Developer";
				FRAMEWORK_SEARCH_PATHS = (
					"$(inherited)",
					/Users/nikola/Documents/FacebookSDK,
					"$(PROJECT_DIR)",
				);
				INFOPLIST_FILE = ChallengeMe/Info.plist;
				IPHONEOS_DEPLOYMENT_TARGET = 7.1;
				LD_RUNPATH_SEARCH_PATHS = "$(inherited) @executable_path/Frameworks";
				PRODUCT_NAME = "$(TARGET_NAME)";
			};
			name = Debug;
		};
		93BB9E341B1DE29B002FE00B /* Release */ = {
			isa = XCBuildConfiguration;
			baseConfigurationReference = 26475F1D437A46D98E275B39 /* Pods.xcconfig */;
			buildSettings = {
				ASSETCATALOG_COMPILER_APPICON_NAME = AppIcon;
				CLANG_ALLOW_NON_MODULAR_INCLUDES_IN_FRAMEWORK_MODULES = YES;
				CODE_SIGN_IDENTITY = "iPhone Developer";
				FRAMEWORK_SEARCH_PATHS = (
					"$(inherited)",
					/Users/nikola/Documents/FacebookSDK,
					"$(PROJECT_DIR)",
				);
				INFOPLIST_FILE = ChallengeMe/Info.plist;
				IPHONEOS_DEPLOYMENT_TARGET = 7.1;
				LD_RUNPATH_SEARCH_PATHS = "$(inherited) @executable_path/Frameworks";
				PRODUCT_NAME = "$(TARGET_NAME)";
			};
			name = Release;
		};
		93BB9E361B1DE29B002FE00B /* Debug */ = {
			isa = XCBuildConfiguration;
			buildSettings = {
				BUNDLE_LOADER = "$(TEST_HOST)";
				FRAMEWORK_SEARCH_PATHS = (
					"$(SDKROOT)/Developer/Library/Frameworks",
					"$(inherited)",
				);
				GCC_PREPROCESSOR_DEFINITIONS = (
					"DEBUG=1",
					"$(inherited)",
				);
				INFOPLIST_FILE = ChallengeMeTests/Info.plist;
				LD_RUNPATH_SEARCH_PATHS = "$(inherited) @executable_path/Frameworks @loader_path/Frameworks";
				PRODUCT_NAME = "$(TARGET_NAME)";
				TEST_HOST = "$(BUILT_PRODUCTS_DIR)/ChallengeMe.app/ChallengeMe";
			};
			name = Debug;
		};
		93BB9E371B1DE29B002FE00B /* Release */ = {
			isa = XCBuildConfiguration;
			buildSettings = {
				BUNDLE_LOADER = "$(TEST_HOST)";
				FRAMEWORK_SEARCH_PATHS = (
					"$(SDKROOT)/Developer/Library/Frameworks",
					"$(inherited)",
				);
				INFOPLIST_FILE = ChallengeMeTests/Info.plist;
				LD_RUNPATH_SEARCH_PATHS = "$(inherited) @executable_path/Frameworks @loader_path/Frameworks";
				PRODUCT_NAME = "$(TARGET_NAME)";
				TEST_HOST = "$(BUILT_PRODUCTS_DIR)/ChallengeMe.app/ChallengeMe";
			};
			name = Release;
		};
/* End XCBuildConfiguration section */

/* Begin XCConfigurationList section */
		93BB9E0A1B1DE29A002FE00B /* Build configuration list for PBXProject "ChallengeMe" */ = {
			isa = XCConfigurationList;
			buildConfigurations = (
				93BB9E301B1DE29B002FE00B /* Debug */,
				93BB9E311B1DE29B002FE00B /* Release */,
			);
			defaultConfigurationIsVisible = 0;
			defaultConfigurationName = Release;
		};
		93BB9E321B1DE29B002FE00B /* Build configuration list for PBXNativeTarget "ChallengeMe" */ = {
			isa = XCConfigurationList;
			buildConfigurations = (
				93BB9E331B1DE29B002FE00B /* Debug */,
				93BB9E341B1DE29B002FE00B /* Release */,
			);
			defaultConfigurationIsVisible = 0;
			defaultConfigurationName = Release;
		};
		93BB9E351B1DE29B002FE00B /* Build configuration list for PBXNativeTarget "ChallengeMeTests" */ = {
			isa = XCConfigurationList;
			buildConfigurations = (
				93BB9E361B1DE29B002FE00B /* Debug */,
				93BB9E371B1DE29B002FE00B /* Release */,
			);
			defaultConfigurationIsVisible = 0;
			defaultConfigurationName = Release;
		};
/* End XCConfigurationList section */
	};
	rootObject = 93BB9E071B1DE29A002FE00B /* Project object */;
}
